
Microsoft Visual Studio Solution File, Format Version 12.00
# Visual Studio Version 16
VisualStudioVersion = 16.0.30128.74
MinimumVisualStudioVersion = 10.0.40219.1
Project("{FAE04EC0-301F-11D3-BF4B-00C04F79EFBC}") = "UnitTestPractice", "UnitTestPractice\UnitTestPractice.csproj", "{ED5962F5-B2C6-4981-B6FF-27F10F1840C6}"
EndProject
Project("{FAE04EC0-301F-11D3-BF4B-00C04F79EFBC}") = "BasicMathTest", "BasicMathTest\BasicMathTest.csproj", "{04B068C4-CE58-4891-811D-198664FB507B}"
EndProject
Global
	GlobalSection(SolutionConfigurationPlatforms) = preSolution
		Debug|Any CPU = Debug|Any CPU
		Release|Any CPU = Release|Any CPU
	EndGlobalSection
	GlobalSection(ProjectConfigurationPlatforms) = postSolution
		{ED5962F5-B2C6-4981-B6FF-27F10F1840C6}.Debug|Any CPU.ActiveCfg = Debug|Any CPU
		{ED5962F5-B2C6-4981-B6FF-27F10F1840C6}.Debug|Any CPU.Build.0 = Debug|Any CPU
		{ED5962F5-B2C6-4981-B6FF-27F10F1840C6}.Release|Any CPU.ActiveCfg = Release|Any CPU
		{ED5962F5-B2C6-4981-B6FF-27F10F1840C6}.Release|Any CPU.Build.0 = Release|Any CPU
		{04B068C4-CE58-4891-811D-198664FB507B}.Debug|Any CPU.ActiveCfg = Debug|Any CPU
		{04B068C4-CE58-4891-811D-198664FB507B}.Debug|Any CPU.Build.0 = Debug|Any CPU
		{04B068C4-CE58-4891-811D-198664FB507B}.Release|Any CPU.ActiveCfg = Release|Any CPU
		{04B068C4-CE58-4891-811D-198664FB507B}.Release|Any CPU.Build.0 = Release|Any CPU
	EndGlobalSection
	GlobalSection(SolutionProperties) = preSolution
		HideSolutionNode = FALSE
	EndGlobalSection
	GlobalSection(ExtensibilityGlobals) = postSolution
		SolutionGuid = {2B3B732E-994D-4349-A77A-F685BFD88661}
	EndGlobalSection
EndGlobal
